
Microsoft Visual Studio Solution File, Format Version 12.00
# Visual Studio Version 17
VisualStudioVersion = 17.13.36105.23
MinimumVisualStudioVersion = 10.0.40219.1
Project("{FAE04EC0-301F-11D3-BF4B-00C04F79EFBC}") = "addressbook-web-tests", "addressbook-web-tests.csproj", "{427C4EA3-C478-4F46-ABC8-2CDB9766B5DC}"
EndProject
Global
	GlobalSection(SolutionConfigurationPlatforms) = preSolution
		Debug|Any CPU = Debug|Any CPU
		Release|Any CPU = Release|Any CPU
	EndGlobalSection
	GlobalSection(ProjectConfigurationPlatforms) = postSolution
		{427C4EA3-C478-4F46-ABC8-2CDB9766B5DC}.Debug|Any CPU.ActiveCfg = Debug|Any CPU
		{427C4EA3-C478-4F46-ABC8-2CDB9766B5DC}.Debug|Any CPU.Build.0 = Debug|Any CPU
		{427C4EA3-C478-4F46-ABC8-2CDB9766B5DC}.Release|Any CPU.ActiveCfg = Release|Any CPU
		{427C4EA3-C478-4F46-ABC8-2CDB9766B5DC}.Release|Any CPU.Build.0 = Release|Any CPU
	EndGlobalSection
	GlobalSection(SolutionProperties) = preSolution
		HideSolutionNode = FALSE
	EndGlobalSection
	GlobalSection(ExtensibilityGlobals) = postSolution
		SolutionGuid = {2FB65563-5EA5-4BA1-AFE0-56D1C8BC426A}
	EndGlobalSection
EndGlobal
